{
  "originHash" : "5b7bd077a89e14a282bb614f24e529312e82520ecd55532552633774c3086ea5",
  "pins" : [
    {
      "identity" : "deprecated-generative-ai-swift",
      "kind" : "remoteSourceControl",
      "location" : "https://github.com/google-gemini/deprecated-generative-ai-swift",
      "state" : {
        "revision" : "44b8ce120425f9cf53ca756f3434ca2c2696f8bd",
        "version" : "0.5.6"
      }
    },
    {
      "identity" : "lottie-ios",
      "kind" : "remoteSourceControl",
      "location" : "https://github.com/airbnb/lottie-ios",
      "state" : {
        "revision" : "a004050748dc197c56256a14dca49a035d74726c",
        "version" : "4.5.2"
      }
    }
  ],
  "version" : 3
}
